
Microsoft Visual Studio Solution File, Format Version 12.00
# Visual Studio Version 17
VisualStudioVersion = 17.14.36414.22
MinimumVisualStudioVersion = 10.0.40219.1
Project("{2150E333-8FDC-42A3-9474-1A3956D46DE8}") = "Task0", "Task0", "{02EA681E-C7D8-13C7-8484-4AC65E1B71E8}"
EndProject
Project("{FAE04EC0-301F-11D3-BF4B-00C04F79EFBC}") = "Tyuiu.MolchanovIV.Sprint4.Task0.V23", "Tyuiu.MolchanovIV.Sprint4.Task0.V23\Tyuiu.MolchanovIV.Sprint4.Task0.V23.csproj", "{A2282BD4-E887-4BC1-861D-E07DC08A4632}"
EndProject
Project("{FAE04EC0-301F-11D3-BF4B-00C04F79EFBC}") = "Tyuiu.MolchanovIV.Sprint4.Task0.V23.Lib", "Tyuiu.MolchanovIV.Sprint4.Task0.V23.Lib\Tyuiu.MolchanovIV.Sprint4.Task0.V23.Lib.csproj", "{4014CA70-ACA3-44A6-AC47-DFF3FEBCF750}"
EndProject
Project("{FAE04EC0-301F-11D3-BF4B-00C04F79EFBC}") = "Tyuiu.MolchanovIV.Sprint4.Task0.V23.Test", "Tyuiu.MolchanovIV.Sprint4.Task0.V23.Test\Tyuiu.MolchanovIV.Sprint4.Task0.V23.Test.csproj", "{68CF73CD-C852-476E-84C9-BB91E9AAA37F}"
EndProject
Project("{2150E333-8FDC-42A3-9474-1A3956D46DE8}") = "Task1", "Task1", "{B25302CF-ED60-4E47-A6A9-90558A4D0357}"
EndProject
Project("{FAE04EC0-301F-11D3-BF4B-00C04F79EFBC}") = "Tyuiu.MolchanovIV.Sprint4.Task1.V17", "Tyuiu.MolchanovIV.Sprint4.Task1.V17\Tyuiu.MolchanovIV.Sprint4.Task1.V17.csproj", "{668713E1-0F30-4D32-ACA0-BA2253295F5E}"
EndProject
Project("{FAE04EC0-301F-11D3-BF4B-00C04F79EFBC}") = "Tyuiu.MolchanovIV.Sprint4.Task1.V17.Lib", "Tyuiu.MolchanovIV.Sprint4.Task1.V17.Lib\Tyuiu.MolchanovIV.Sprint4.Task1.V17.Lib.csproj", "{A4D5B2E8-2EA9-4899-A44E-E07C67AF426A}"
EndProject
Project("{FAE04EC0-301F-11D3-BF4B-00C04F79EFBC}") = "Tyuiu.MolchanovIV.Sprint4.Task1.V17.Test", "Tyuiu.MolchanovIV.Sprint4.Task1.V17.Test\Tyuiu.MolchanovIV.Sprint4.Task1.V17.Test.csproj", "{6EC84D70-A1B2-4830-8017-AD36ED10B386}"
EndProject
Global
	GlobalSection(SolutionConfigurationPlatforms) = preSolution
		Debug|Any CPU = Debug|Any CPU
		Release|Any CPU = Release|Any CPU
	EndGlobalSection
	GlobalSection(ProjectConfigurationPlatforms) = postSolution
		{A2282BD4-E887-4BC1-861D-E07DC08A4632}.Debug|Any CPU.ActiveCfg = Debug|Any CPU
		{A2282BD4-E887-4BC1-861D-E07DC08A4632}.Debug|Any CPU.Build.0 = Debug|Any CPU
		{A2282BD4-E887-4BC1-861D-E07DC08A4632}.Release|Any CPU.ActiveCfg = Release|Any CPU
		{A2282BD4-E887-4BC1-861D-E07DC08A4632}.Release|Any CPU.Build.0 = Release|Any CPU
		{4014CA70-ACA3-44A6-AC47-DFF3FEBCF750}.Debug|Any CPU.ActiveCfg = Debug|Any CPU
		{4014CA70-ACA3-44A6-AC47-DFF3FEBCF750}.Debug|Any CPU.Build.0 = Debug|Any CPU
		{4014CA70-ACA3-44A6-AC47-DFF3FEBCF750}.Release|Any CPU.ActiveCfg = Release|Any CPU
		{4014CA70-ACA3-44A6-AC47-DFF3FEBCF750}.Release|Any CPU.Build.0 = Release|Any CPU
		{68CF73CD-C852-476E-84C9-BB91E9AAA37F}.Debug|Any CPU.ActiveCfg = Debug|Any CPU
		{68CF73CD-C852-476E-84C9-BB91E9AAA37F}.Debug|Any CPU.Build.0 = Debug|Any CPU
		{68CF73CD-C852-476E-84C9-BB91E9AAA37F}.Release|Any CPU.ActiveCfg = Release|Any CPU
		{68CF73CD-C852-476E-84C9-BB91E9AAA37F}.Release|Any CPU.Build.0 = Release|Any CPU
		{668713E1-0F30-4D32-ACA0-BA2253295F5E}.Debug|Any CPU.ActiveCfg = Debug|Any CPU
		{668713E1-0F30-4D32-ACA0-BA2253295F5E}.Debug|Any CPU.Build.0 = Debug|Any CPU
		{668713E1-0F30-4D32-ACA0-BA2253295F5E}.Release|Any CPU.ActiveCfg = Release|Any CPU
		{668713E1-0F30-4D32-ACA0-BA2253295F5E}.Release|Any CPU.Build.0 = Release|Any CPU
		{A4D5B2E8-2EA9-4899-A44E-E07C67AF426A}.Debug|Any CPU.ActiveCfg = Debug|Any CPU
		{A4D5B2E8-2EA9-4899-A44E-E07C67AF426A}.Debug|Any CPU.Build.0 = Debug|Any CPU
		{A4D5B2E8-2EA9-4899-A44E-E07C67AF426A}.Release|Any CPU.ActiveCfg = Release|Any CPU
		{A4D5B2E8-2EA9-4899-A44E-E07C67AF426A}.Release|Any CPU.Build.0 = Release|Any CPU
		{6EC84D70-A1B2-4830-8017-AD36ED10B386}.Debug|Any CPU.ActiveCfg = Debug|Any CPU
		{6EC84D70-A1B2-4830-8017-AD36ED10B386}.Debug|Any CPU.Build.0 = Debug|Any CPU
		{6EC84D70-A1B2-4830-8017-AD36ED10B386}.Release|Any CPU.ActiveCfg = Release|Any CPU
		{6EC84D70-A1B2-4830-8017-AD36ED10B386}.Release|Any CPU.Build.0 = Release|Any CPU
	EndGlobalSection
	GlobalSection(SolutionProperties) = preSolution
		HideSolutionNode = FALSE
	EndGlobalSection
	GlobalSection(NestedProjects) = preSolution
		{A2282BD4-E887-4BC1-861D-E07DC08A4632} = {02EA681E-C7D8-13C7-8484-4AC65E1B71E8}
		{4014CA70-ACA3-44A6-AC47-DFF3FEBCF750} = {02EA681E-C7D8-13C7-8484-4AC65E1B71E8}
		{68CF73CD-C852-476E-84C9-BB91E9AAA37F} = {02EA681E-C7D8-13C7-8484-4AC65E1B71E8}
		{668713E1-0F30-4D32-ACA0-BA2253295F5E} = {B25302CF-ED60-4E47-A6A9-90558A4D0357}
		{A4D5B2E8-2EA9-4899-A44E-E07C67AF426A} = {B25302CF-ED60-4E47-A6A9-90558A4D0357}
		{6EC84D70-A1B2-4830-8017-AD36ED10B386} = {B25302CF-ED60-4E47-A6A9-90558A4D0357}
	EndGlobalSection
	GlobalSection(ExtensibilityGlobals) = postSolution
		SolutionGuid = {39A4AA4F-C486-4211-982A-8E0F9F782696}
	EndGlobalSection
EndGlobal
